<?xml version="1.0" encoding="utf-8"?>
<Project ToolsVersion="4.0" xmlns="http://schemas.microsoft.com/developer/msbuild/2003">
  <ItemGroup>
    <ClCompile Include="KTimeManager.cpp">
      <Filter>01_Manager</Filter>
    </ClCompile>
    <ClCompile Include="KInputManager.cpp">
      <Filter>01_Manager</Filter>
    </ClCompile>
    <ClCompile Include="KCore.cpp">
      <Filter>00_KCore</Filter>
    </ClCompile>
    <ClCompile Include="KVector.cpp">
      <Filter>00_KVector</Filter>
    </ClCompile>
    <ClCompile Include="KWindowManager.cpp">
      <Filter>01_Manager</Filter>
    </ClCompile>
    <ClCompile Include="KWindow.cpp">
      <Filter>01_Manager\Window</Filter>
    </ClCompile>
    <ClCompile Include="KActor.cpp">
      <Filter>02_Progress</Filter>
    </ClCompile>
    <ClCompile Include="KName.cpp">
      <Filter>02_Progress</Filter>
    </ClCompile>
    <ClCompile Include="KSceneManager.cpp">
      <Filter>03_KScene</Filter>
    </ClCompile>
    <ClCompile Include="KScene.cpp">
      <Filter>03_KScene</Filter>
    </ClCompile>
    <ClCompile Include="KOne.cpp">
      <Filter>04_KOne</Filter>
    </ClCompile>
    <ClCompile Include="KRenderManager.cpp">
      <Filter>04_Render</Filter>
    </ClCompile>
    <ClCompile Include="KConsole_Render.cpp">
      <Filter>04_Render\Child</Filter>
    </ClCompile>
    <ClCompile Include="KBitMap_Render.cpp">
      <Filter>04_Render\Child</Filter>
    </ClCompile>
    <ClCompile Include="KBitMap.cpp">
      <Filter>00_Resource</Filter>
    </ClCompile>
    <ClCompile Include="KComponent.cpp">
      <Filter>05_Component</Filter>
    </ClCompile>
    <ClCompile Include="KTransform.cpp">
      <Filter>05_Component\Child</Filter>
    </ClCompile>
    <ClCompile Include="KRenderer.cpp">
      <Filter>04_Render</Filter>
    </ClCompile>
    <ClCompile Include="KSprite_Render.cpp">
      <Filter>04_Render\Child</Filter>
    </ClCompile>
    <ClCompile Include="KBitMap_Animator.cpp">
      <Filter>04_Render\Animator</Filter>
    </ClCompile>
    <ClCompile Include="KText_Render.cpp">
      <Filter>04_Render\Child</Filter>
    </ClCompile>
    <ClCompile Include="KDebugManager.cpp">
      <Filter>01_Manager\DebugManager</Filter>
    </ClCompile>
    <ClCompile Include="KSprite_Animator.cpp">
      <Filter>04_Render\Animator</Filter>
    </ClCompile>
  </ItemGroup>
  <ItemGroup>
    <ClInclude Include="KTimeManager.h">
      <Filter>01_Manager</Filter>
    </ClInclude>
    <ClInclude Include="KInputManager.h">
      <Filter>01_Manager</Filter>
    </ClInclude>
    <ClInclude Include="KCore.h">
      <Filter>00_KCore</Filter>
    </ClInclude>
    <ClInclude Include="KVector.h">
      <Filter>00_KVector</Filter>
    </ClInclude>
    <ClInclude Include="PtrOf_KOne.h">
      <Filter>01_Ptr</Filter>
    </ClInclude>
    <ClInclude Include="PtrOf_KScene.h">
      <Filter>01_Ptr</Filter>
    </ClInclude>
    <ClInclude Include="PtrOf_KWindow.h">
      <Filter>01_Ptr</Filter>
    </ClInclude>
    <ClInclude Include="PtrOf_Transform.h">
      <Filter>01_Ptr</Filter>
    </ClInclude>
    <ClInclude Include="KWindowManager.h">
      <Filter>01_Manager</Filter>
    </ClInclude>
    <ClInclude Include="KWindow.h">
      <Filter>01_Manager\Window</Filter>
    </ClInclude>
    <ClInclude Include="KActor.h">
      <Filter>02_Progress</Filter>
    </ClInclude>
    <ClInclude Include="KName.h">
      <Filter>02_Progress</Filter>
    </ClInclude>
    <ClInclude Include="KScene.h">
      <Filter>03_KScene</Filter>
    </ClInclude>
    <ClInclude Include="KSceneManager.h">
      <Filter>03_KScene</Filter>
    </ClInclude>
    <ClInclude Include="KOne.h">
      <Filter>04_KOne</Filter>
    </ClInclude>
    <ClInclude Include="KRenderManager.h">
      <Filter>04_Render</Filter>
    </ClInclude>
    <ClInclude Include="KConsole_Render.h">
      <Filter>04_Render\Child</Filter>
    </ClInclude>
    <ClInclude Include="KBitMap_Render.h">
      <Filter>04_Render\Child</Filter>
    </ClInclude>
    <ClInclude Include="KBitMap.h">
      <Filter>00_Resource</Filter>
    </ClInclude>
    <ClInclude Include="KComponent.h">
      <Filter>05_Component</Filter>
    </ClInclude>
    <ClInclude Include="KTransform.h">
      <Filter>05_Component\Child</Filter>
    </ClInclude>
    <ClInclude Include="KRenderer.h">
      <Filter>04_Render</Filter>
    </ClInclude>
    <ClInclude Include="KSprite_Render.h">
      <Filter>04_Render\Child</Filter>
    </ClInclude>
    <ClInclude Include="KBitMap_Animator.h">
      <Filter>04_Render\Animator</Filter>
    </ClInclude>
    <ClInclude Include="KText_Render.h">
      <Filter>04_Render\Child</Filter>
    </ClInclude>
    <ClInclude Include="KDebugManager.h">
      <Filter>01_Manager\DebugManager</Filter>
    </ClInclude>
    <ClInclude Include="KSprite_Animator.h">
      <Filter>04_Render\Animator</Filter>
    </ClInclude>
  </ItemGroup>
  <ItemGroup>
    <Filter Include="00_KCore">
      <UniqueIdentifier>{c1b1ee7a-98b6-4aa2-b0fa-784385a44dc7}</UniqueIdentifier>
    </Filter>
    <Filter Include="00_TestClient">
      <UniqueIdentifier>{f57a02c7-a11f-4f7d-abae-2de3bcc6c6d2}</UniqueIdentifier>
    </Filter>
    <Filter Include="00_TestClient\ClientCore">
      <UniqueIdentifier>{49741b91-5ca4-400a-ab89-67849b1ae487}</UniqueIdentifier>
    </Filter>
    <Filter Include="01_Manager">
      <UniqueIdentifier>{77dacd86-ddfd-4142-9d10-36ebbbfa7a01}</UniqueIdentifier>
    </Filter>
    <Filter Include="00_KVector">
      <UniqueIdentifier>{f5b8e279-41f1-4e92-a5d7-f49e93bdf770}</UniqueIdentifier>
    </Filter>
    <Filter Include="01_Ptr">
      <UniqueIdentifier>{a41b1314-4f3a-4797-901b-1ecac505c046}</UniqueIdentifier>
    </Filter>
    <Filter Include="01_Manager\Window">
      <UniqueIdentifier>{0e667cba-3677-48c7-a989-c8eb6f6a9fc0}</UniqueIdentifier>
    </Filter>
    <Filter Include="02_Progress">
      <UniqueIdentifier>{7859dda7-53dc-4c93-bd0d-8a2c67f27925}</UniqueIdentifier>
    </Filter>
    <Filter Include="03_KScene">
      <UniqueIdentifier>{32ad22de-0b4f-4d74-824c-b385aee00c8f}</UniqueIdentifier>
    </Filter>
    <Filter Include="04_KOne">
      <UniqueIdentifier>{605d8b8a-cd1a-465d-8511-c2aeaee0c37e}</UniqueIdentifier>
    </Filter>
    <Filter Include="04_Render">
      <UniqueIdentifier>{702d9a27-7071-4d21-bcbd-3e27a97e4e04}</UniqueIdentifier>
    </Filter>
    <Filter Include="04_Render\Child">
      <UniqueIdentifier>{a4e164df-73b2-42db-85f2-778a0ae03c9a}</UniqueIdentifier>
    </Filter>
    <Filter Include="00_Resource">
      <UniqueIdentifier>{340730ba-363d-43c6-b3e7-a7ea62898349}</UniqueIdentifier>
    </Filter>
    <Filter Include="05_Component">
      <UniqueIdentifier>{fb964d6d-8f9c-446c-880c-2f43d03e7b09}</UniqueIdentifier>
    </Filter>
    <Filter Include="05_Component\Child">
      <UniqueIdentifier>{70ff25d3-fe0f-4d9b-88a1-c65783057b87}</UniqueIdentifier>
    </Filter>
    <Filter Include="00_TestClient\Test">
      <UniqueIdentifier>{5b67aa49-9b54-40e0-b50e-edadbde28af7}</UniqueIdentifier>
    </Filter>
    <Filter Include="04_Render\Animator">
      <UniqueIdentifier>{375af6da-6956-4fa7-a0af-ffb934ef5a5b}</UniqueIdentifier>
    </Filter>
    <Filter Include="01_Manager\DebugManager">
      <UniqueIdentifier>{a8b96635-a382-48fe-bc02-7fb0b2e0c2e8}</UniqueIdentifier>
    </Filter>
  </ItemGroup>
</Project>